
Microsoft Visual Studio Solution File, Format Version 12.00
# Visual Studio Version 17
VisualStudioVersion = 17.3.32519.111
MinimumVisualStudioVersion = 10.0.40219.1
Project("{FAE04EC0-301F-11D3-BF4B-00C04F79EFBC}") = "ShipsGame", "ShipsGame\ShipsGame.csproj", "{393CDDC4-F191-48A8-AC27-48B378871471}"
EndProject
Global
	GlobalSection(SolutionConfigurationPlatforms) = preSolution
		Debug|Any CPU = Debug|Any CPU
		Release|Any CPU = Release|Any CPU
	EndGlobalSection
	GlobalSection(ProjectConfigurationPlatforms) = postSolution
		{393CDDC4-F191-48A8-AC27-48B378871471}.Debug|Any CPU.ActiveCfg = Debug|Any CPU
		{393CDDC4-F191-48A8-AC27-48B378871471}.Debug|Any CPU.Build.0 = Debug|Any CPU
		{393CDDC4-F191-48A8-AC27-48B378871471}.Release|Any CPU.ActiveCfg = Release|Any CPU
		{393CDDC4-F191-48A8-AC27-48B378871471}.Release|Any CPU.Build.0 = Release|Any CPU
	EndGlobalSection
	GlobalSection(SolutionProperties) = preSolution
		HideSolutionNode = FALSE
	EndGlobalSection
	GlobalSection(ExtensibilityGlobals) = postSolution
		SolutionGuid = {A2AC03F0-4798-42E4-BA80-960F0C28ED04}
	EndGlobalSection
EndGlobal
